
Microsoft Visual Studio Solution File, Format Version 12.00
# Visual Studio Version 17
VisualStudioVersion = 17.0.31912.275
MinimumVisualStudioVersion = 10.0.40219.1
Project("{9A19103F-16F7-4668-BE54-9A1E7A4F7556}") = "VHS.Web", "VHS.Web\VHS.Web.csproj", "{F3612898-0E60-430F-93F4-D1139439DF76}"
EndProject
Project("{9A19103F-16F7-4668-BE54-9A1E7A4F7556}") = "VHS.Core", "VHS.Core\VHS.Core.csproj", "{D4E66F64-4373-4248-BEE6-2343A4C16804}"
EndProject
Global
	GlobalSection(SolutionConfigurationPlatforms) = preSolution
		Debug|Any CPU = Debug|Any CPU
		Release|Any CPU = Release|Any CPU
	EndGlobalSection
	GlobalSection(ProjectConfigurationPlatforms) = postSolution
		{F3612898-0E60-430F-93F4-D1139439DF76}.Debug|Any CPU.ActiveCfg = Debug|Any CPU
		{F3612898-0E60-430F-93F4-D1139439DF76}.Debug|Any CPU.Build.0 = Debug|Any CPU
		{F3612898-0E60-430F-93F4-D1139439DF76}.Release|Any CPU.ActiveCfg = Release|Any CPU
		{F3612898-0E60-430F-93F4-D1139439DF76}.Release|Any CPU.Build.0 = Release|Any CPU
		{D4E66F64-4373-4248-BEE6-2343A4C16804}.Debug|Any CPU.ActiveCfg = Debug|Any CPU
		{D4E66F64-4373-4248-BEE6-2343A4C16804}.Debug|Any CPU.Build.0 = Debug|Any CPU
		{D4E66F64-4373-4248-BEE6-2343A4C16804}.Release|Any CPU.ActiveCfg = Release|Any CPU
		{D4E66F64-4373-4248-BEE6-2343A4C16804}.Release|Any CPU.Build.0 = Release|Any CPU
	EndGlobalSection
	GlobalSection(SolutionProperties) = preSolution
		HideSolutionNode = FALSE
	EndGlobalSection
	GlobalSection(ExtensibilityGlobals) = postSolution
		SolutionGuid = {D7EE11F1-C673-46E3-80A2-3FD6563E4BE7}
	EndGlobalSection
EndGlobal
